
Microsoft Visual Studio Solution File, Format Version 12.00
# Visual Studio 15
VisualStudioVersion = 15.0.26730.12
MinimumVisualStudioVersion = 10.0.40219.1
Project("{8BC9CEB8-8B4A-11D0-8D11-00A0C91BC942}") = "countingwords", "countingwords\countingwords.vcxproj", "{48460607-F70D-4D14-AFAA-721232901C26}"
EndProject
Global
	GlobalSection(SolutionConfigurationPlatforms) = preSolution
		Debug|x64 = Debug|x64
		Debug|x86 = Debug|x86
		Release|x64 = Release|x64
		Release|x86 = Release|x86
	EndGlobalSection
	GlobalSection(ProjectConfigurationPlatforms) = postSolution
		{48460607-F70D-4D14-AFAA-721232901C26}.Debug|x64.ActiveCfg = Debug|x64
		{48460607-F70D-4D14-AFAA-721232901C26}.Debug|x64.Build.0 = Debug|x64
		{48460607-F70D-4D14-AFAA-721232901C26}.Debug|x86.ActiveCfg = Debug|Win32
		{48460607-F70D-4D14-AFAA-721232901C26}.Debug|x86.Build.0 = Debug|Win32
		{48460607-F70D-4D14-AFAA-721232901C26}.Release|x64.ActiveCfg = Release|x64
		{48460607-F70D-4D14-AFAA-721232901C26}.Release|x64.Build.0 = Release|x64
		{48460607-F70D-4D14-AFAA-721232901C26}.Release|x86.ActiveCfg = Release|Win32
		{48460607-F70D-4D14-AFAA-721232901C26}.Release|x86.Build.0 = Release|Win32
	EndGlobalSection
	GlobalSection(SolutionProperties) = preSolution
		HideSolutionNode = FALSE
	EndGlobalSection
	GlobalSection(ExtensibilityGlobals) = postSolution
		SolutionGuid = {29858D4B-0D89-45CC-A5B1-CF485171CA6D}
	EndGlobalSection
EndGlobal
